
Microsoft Visual Studio Solution File, Format Version 12.00
# Visual Studio Version 17
VisualStudioVersion = 17.4.33403.182
MinimumVisualStudioVersion = 10.0.40219.1
Project("{9A19103F-16F7-4668-BE54-9A1E7A4F7556}") = "DalkeithGHWebsite", "DalkeithGHWebsite\DalkeithGHWebsite.csproj", "{24BE3D37-39F9-49BC-9EA6-116EF698B293}"
EndProject
Global
	GlobalSection(SolutionConfigurationPlatforms) = preSolution
		Debug|Any CPU = Debug|Any CPU
		Release|Any CPU = Release|Any CPU
	EndGlobalSection
	GlobalSection(ProjectConfigurationPlatforms) = postSolution
		{24BE3D37-39F9-49BC-9EA6-116EF698B293}.Debug|Any CPU.ActiveCfg = Debug|Any CPU
		{24BE3D37-39F9-49BC-9EA6-116EF698B293}.Debug|Any CPU.Build.0 = Debug|Any CPU
		{24BE3D37-39F9-49BC-9EA6-116EF698B293}.Release|Any CPU.ActiveCfg = Release|Any CPU
		{24BE3D37-39F9-49BC-9EA6-116EF698B293}.Release|Any CPU.Build.0 = Release|Any CPU
	EndGlobalSection
	GlobalSection(SolutionProperties) = preSolution
		HideSolutionNode = FALSE
	EndGlobalSection
	GlobalSection(ExtensibilityGlobals) = postSolution
		SolutionGuid = {6AB1F428-C09C-4815-9D99-E3B0EF8B1AFB}
	EndGlobalSection
EndGlobal
